{
    "_readme": [
        "This file locks the dependencies of your project to a known state",
        "Read more about it at http://getcomposer.org/doc/01-basic-usage.md#composer-lock-the-lock-file",
        "This file is @generated automatically"
    ],
    "hash": "e8c8fb3132d9e37e113e5439e8363d31",
    "packages": [
        {
            "name": "league/container",
            "version": "dev-master",
            "source": {
                "type": "git",
                "url": "https://github.com/thephpleague/container.git",
                "reference": "6ccc78324dbd9b49b33e925010fdc64c6d6ae111"
            },
            "dist": {
                "type": "zip",
                "url": "https://api.github.com/repos/thephpleague/container/zipball/6ccc78324dbd9b49b33e925010fdc64c6d6ae111",
                "reference": "6ccc78324dbd9b49b33e925010fdc64c6d6ae111",
                "shasum": ""
            },
            "require": {
                "php": ">=5.4.0"
            },
            "replace": {
                "orno/di": "~2.0"
            },
            "require-dev": {
                "phpunit/phpunit": "4.*"
            },
            "type": "library",
            "extra": {
                "branch-alias": {
                    "dev-master": "1.3-dev"
                }
            },
            "autoload": {
                "psr-4": {
                    "League\\Container\\": "src"
                }
            },
            "notification-url": "https://packagist.org/downloads/",
            "license": [
                "MIT"
            ],
            "authors": [
                {
                    "name": "Phil Bennett",
                    "email": "philipobenito@gmail.com",
                    "homepage": "http://philipobenito.github.io",
                    "role": "Developer"
                }
            ],
            "description": "A fast and intuitive dependency injection container.",
            "homepage": "https://github.com/thephpleague/container",
            "keywords": [
                "container",
                "dependency",
                "di",
                "injection",
                "league"
            ],
            "time": "2015-02-21 19:54:25"
        },
        {
            "name": "league/route",
            "version": "dev-master",
            "source": {
                "type": "git",
                "url": "https://github.com/nebulousGirl/route.git",
                "reference": "ef8d3ec207028decd88f027d25d31bbc527768cb"
            },
            "dist": {
                "type": "zip",
                "url": "https://api.github.com/repos/nebulousGirl/route/zipball/ef8d3ec207028decd88f027d25d31bbc527768cb",
                "reference": "ef8d3ec207028decd88f027d25d31bbc527768cb",
                "shasum": ""
            },
            "require": {
                "league/container": "~1.0",
                "nikic/fast-route": "~0.3",
                "php": ">=5.4.0",
                "symfony/http-foundation": "~2.6"
            },
            "replace": {
                "orno/http": "~1.0",
                "orno/route": "~1.0"
            },
            "require-dev": {
                "phpunit/phpunit": "4.*"
            },
            "type": "library",
            "extra": {
                "branch-alias": {
                    "dev-master": "1.0-dev"
                }
            },
            "autoload": {
                "psr-4": {
                    "League\\Route\\": "src"
                }
            },
            "autoload-dev": {
                "psr-4": {
                    "League\\Route\\Test\\": "tests"
                }
            },
            "license": [
                "MIT"
            ],
            "authors": [
                {
                    "name": "Phil Bennett",
                    "email": "philipobenito@gmail.com",
                    "homepage": "http://philipobenito.github.io",
                    "role": "Developer"
                }
            ],
            "description": "A fast routing and dispatch package built on top of FastRoute.",
            "homepage": "https://github.com/thephpleague/route",
            "keywords": [
                "league",
                "route"
            ],
            "support": {
                "source": "https://github.com/nebulousGirl/route/tree/master"
            },
            "time": "2015-02-16 12:57:01"
        },
        {
            "name": "nikic/fast-route",
            "version": "v0.3.0",
            "source": {
                "type": "git",
                "url": "https://github.com/nikic/FastRoute.git",
                "reference": "57a2aec2d597f166c4139e44953bc42b7eaf9e54"
            },
            "dist": {
                "type": "zip",
                "url": "https://api.github.com/repos/nikic/FastRoute/zipball/57a2aec2d597f166c4139e44953bc42b7eaf9e54",
                "reference": "57a2aec2d597f166c4139e44953bc42b7eaf9e54",
                "shasum": ""
            },
            "require": {
                "php": ">=5.4.0"
            },
            "type": "library",
            "autoload": {
                "psr-4": {
                    "FastRoute\\": "src/"
                },
                "files": [
                    "src/functions.php"
                ]
            },
            "notification-url": "https://packagist.org/downloads/",
            "license": [
                "BSD-3-Clause"
            ],
            "authors": [
                {
                    "name": "Nikita Popov",
                    "email": "nikic@php.net"
                }
            ],
            "description": "Fast request router for PHP",
            "keywords": [
                "router",
                "routing"
            ],
            "time": "2014-11-26 18:36:25"
        },
        {
            "name": "symfony/http-foundation",
            "version": "2.7.x-dev",
            "target-dir": "Symfony/Component/HttpFoundation",
            "source": {
                "type": "git",
                "url": "https://github.com/symfony/HttpFoundation.git",
                "reference": "ca8e158ab95c4aba3200b53dd319bc807f4ce259"
            },
            "dist": {
                "type": "zip",
                "url": "https://api.github.com/repos/symfony/HttpFoundation/zipball/ca8e158ab95c4aba3200b53dd319bc807f4ce259",
                "reference": "ca8e158ab95c4aba3200b53dd319bc807f4ce259",
                "shasum": ""
            },
            "require": {
                "php": ">=5.3.9"
            },
            "require-dev": {
                "symfony/expression-language": "~2.4|~3.0.0",
                "symfony/phpunit-bridge": "~2.7|~3.0.0"
            },
            "type": "library",
            "extra": {
                "branch-alias": {
                    "dev-master": "2.7-dev"
                }
            },
            "autoload": {
                "psr-0": {
                    "Symfony\\Component\\HttpFoundation\\": ""
                },
                "classmap": [
                    "Symfony/Component/HttpFoundation/Resources/stubs"
                ]
            },
            "notification-url": "https://packagist.org/downloads/",
            "license": [
                "MIT"
            ],
            "authors": [
                {
                    "name": "Symfony Community",
                    "homepage": "http://symfony.com/contributors"
                },
                {
                    "name": "Fabien Potencier",
                    "email": "fabien@symfony.com"
                }
            ],
            "description": "Symfony HttpFoundation Component",
            "homepage": "http://symfony.com",
            "time": "2015-02-25 12:51:44"
        }
    ],
    "packages-dev": null,
    "aliases": [],
    "minimum-stability": "dev",
    "stability-flags": {
        "phpunit/phpunit": 20,
        "squizlabs/php_codesniffer": 20
    },
    "prefer-stable": false,
    "prefer-lowest": false,
    "platform": [],
    "platform-dev": []
}
